
Microsoft Visual Studio Solution File, Format Version 12.00
# Visual Studio Version 17
VisualStudioVersion = 17.9.34321.82
MinimumVisualStudioVersion = 10.0.40219.1
Project("{9A19103F-16F7-4668-BE54-9A1E7A4F7556}") = "TechStore", "TechStore.csproj", "{52C3CCB9-8A13-4BE4-BD38-535EC18F3044}"
EndProject
Global
	GlobalSection(SolutionConfigurationPlatforms) = preSolution
		Debug|Any CPU = Debug|Any CPU
		Release|Any CPU = Release|Any CPU
	EndGlobalSection
	GlobalSection(ProjectConfigurationPlatforms) = postSolution
		{52C3CCB9-8A13-4BE4-BD38-535EC18F3044}.Debug|Any CPU.ActiveCfg = Debug|Any CPU
		{52C3CCB9-8A13-4BE4-BD38-535EC18F3044}.Debug|Any CPU.Build.0 = Debug|Any CPU
		{52C3CCB9-8A13-4BE4-BD38-535EC18F3044}.Release|Any CPU.ActiveCfg = Release|Any CPU
		{52C3CCB9-8A13-4BE4-BD38-535EC18F3044}.Release|Any CPU.Build.0 = Release|Any CPU
	EndGlobalSection
	GlobalSection(SolutionProperties) = preSolution
		HideSolutionNode = FALSE
	EndGlobalSection
	GlobalSection(ExtensibilityGlobals) = postSolution
		SolutionGuid = {3D6BB1D3-BDF4-4B9F-8DE7-5F580B418DAF}
	EndGlobalSection
EndGlobal
